
Microsoft Visual Studio Solution File, Format Version 12.00
# Visual Studio Version 17
VisualStudioVersion = 17.6.33723.286
MinimumVisualStudioVersion = 10.0.40219.1
Project("{FAE04EC0-301F-11D3-BF4B-00C04F79EFBC}") = "DapperWIthCQRS.API", "DapperWIthCQRS\DapperWIthCQRS.API.csproj", "{B1841273-CE3D-43BB-97B7-2F20D0DF9E75}"
EndProject
Project("{FAE04EC0-301F-11D3-BF4B-00C04F79EFBC}") = "DapperWIthCQRS.Application", "DapperWIthCQRS.Application\DapperWIthCQRS.Application.csproj", "{8C75F310-8599-40E3-8AD4-868452A0CAC2}"
EndProject
Project("{FAE04EC0-301F-11D3-BF4B-00C04F79EFBC}") = "DapperWIthCQRS.Domain", "DapperWIthCQRS.Domain\DapperWIthCQRS.Domain.csproj", "{C738BAB1-AB11-4129-9D5E-669E83238362}"
EndProject
Project("{FAE04EC0-301F-11D3-BF4B-00C04F79EFBC}") = "DapperWIthCQRS.Infrastructure", "DapperWIthCQRS.Infrastructure\DapperWIthCQRS.Infrastructure.csproj", "{901E3B59-7521-46F2-8EFD-CE2FBBDDF21A}"
EndProject
Global
	GlobalSection(SolutionConfigurationPlatforms) = preSolution
		Debug|Any CPU = Debug|Any CPU
		Release|Any CPU = Release|Any CPU
	EndGlobalSection
	GlobalSection(ProjectConfigurationPlatforms) = postSolution
		{B1841273-CE3D-43BB-97B7-2F20D0DF9E75}.Debug|Any CPU.ActiveCfg = Debug|Any CPU
		{B1841273-CE3D-43BB-97B7-2F20D0DF9E75}.Debug|Any CPU.Build.0 = Debug|Any CPU
		{B1841273-CE3D-43BB-97B7-2F20D0DF9E75}.Release|Any CPU.ActiveCfg = Release|Any CPU
		{B1841273-CE3D-43BB-97B7-2F20D0DF9E75}.Release|Any CPU.Build.0 = Release|Any CPU
		{8C75F310-8599-40E3-8AD4-868452A0CAC2}.Debug|Any CPU.ActiveCfg = Debug|Any CPU
		{8C75F310-8599-40E3-8AD4-868452A0CAC2}.Debug|Any CPU.Build.0 = Debug|Any CPU
		{8C75F310-8599-40E3-8AD4-868452A0CAC2}.Release|Any CPU.ActiveCfg = Release|Any CPU
		{8C75F310-8599-40E3-8AD4-868452A0CAC2}.Release|Any CPU.Build.0 = Release|Any CPU
		{C738BAB1-AB11-4129-9D5E-669E83238362}.Debug|Any CPU.ActiveCfg = Debug|Any CPU
		{C738BAB1-AB11-4129-9D5E-669E83238362}.Debug|Any CPU.Build.0 = Debug|Any CPU
		{C738BAB1-AB11-4129-9D5E-669E83238362}.Release|Any CPU.ActiveCfg = Release|Any CPU
		{C738BAB1-AB11-4129-9D5E-669E83238362}.Release|Any CPU.Build.0 = Release|Any CPU
		{901E3B59-7521-46F2-8EFD-CE2FBBDDF21A}.Debug|Any CPU.ActiveCfg = Debug|Any CPU
		{901E3B59-7521-46F2-8EFD-CE2FBBDDF21A}.Debug|Any CPU.Build.0 = Debug|Any CPU
		{901E3B59-7521-46F2-8EFD-CE2FBBDDF21A}.Release|Any CPU.ActiveCfg = Release|Any CPU
		{901E3B59-7521-46F2-8EFD-CE2FBBDDF21A}.Release|Any CPU.Build.0 = Release|Any CPU
	EndGlobalSection
	GlobalSection(SolutionProperties) = preSolution
		HideSolutionNode = FALSE
	EndGlobalSection
	GlobalSection(ExtensibilityGlobals) = postSolution
		SolutionGuid = {1A48AD52-4E93-4433-A90F-682EAB980698}
	EndGlobalSection
EndGlobal
